
Microsoft Visual Studio Solution File, Format Version 12.00
# Visual Studio Version 17
VisualStudioVersion = 17.0.32112.339
MinimumVisualStudioVersion = 10.0.40219.1
Project("{9A19103F-16F7-4668-BE54-9A1E7A4F7556}") = "Simulator.Domain", "Simulator.Domain\Simulator.Domain.csproj", "{52A52CA6-C7FF-47C4-BB56-E7C8FA7B9C80}"
EndProject
Project("{2150E333-8FDC-42A3-9474-1A3956D46DE8}") = "Solution Items", "Solution Items", "{604F9C90-8811-4A1E-BD7D-6F845AC71C8A}"
	ProjectSection(SolutionItems) = preProject
		BackLog.txt = BackLog.txt
		Bugs.txt = Bugs.txt
	EndProjectSection
EndProject
Project("{FAE04EC0-301F-11D3-BF4B-00C04F79EFBC}") = "Simulator.Domain.UnitTest", "Simulator.Domain.UnitTest\Simulator.Domain.UnitTest.csproj", "{A5DC6E77-1F4F-A9A0-1652-39E45CF69381}"
EndProject
Project("{FAE04EC0-301F-11D3-BF4B-00C04F79EFBC}") = "Simulator.Application", "Simulator.Application\Simulator.Application.csproj", "{C6827D34-D0AC-872D-2934-019A95E31F02}"
EndProject
Project("{FAE04EC0-301F-11D3-BF4B-00C04F79EFBC}") = "Simulator.ViewModel", "Simulator.ViewModel\Simulator.ViewModel.csproj", "{F34F2B9B-9C7C-4827-1A29-5746EDD495E9}"
EndProject
Project("{FAE04EC0-301F-11D3-BF4B-00C04F79EFBC}") = "Simulator.UIElements", "Simulator.UIElements\Simulator.UIElements.csproj", "{55388BC4-0A7F-F131-E3EA-68C6C0910699}"
EndProject
Project("{FAE04EC0-301F-11D3-BF4B-00C04F79EFBC}") = "Simulator.Laboratory.ViewModel", "Simulator.Laboratory.ViewModel\Simulator.Laboratory.ViewModel.csproj", "{94E838AD-133A-E200-A039-632B1851D37B}"
EndProject
Global
	GlobalSection(SolutionConfigurationPlatforms) = preSolution
		Debug|Any CPU = Debug|Any CPU
		Release|Any CPU = Release|Any CPU
	EndGlobalSection
	GlobalSection(ProjectConfigurationPlatforms) = postSolution
		{52A52CA6-C7FF-47C4-BB56-E7C8FA7B9C80}.Debug|Any CPU.ActiveCfg = Debug|Any CPU
		{52A52CA6-C7FF-47C4-BB56-E7C8FA7B9C80}.Debug|Any CPU.Build.0 = Debug|Any CPU
		{52A52CA6-C7FF-47C4-BB56-E7C8FA7B9C80}.Release|Any CPU.ActiveCfg = Release|Any CPU
		{52A52CA6-C7FF-47C4-BB56-E7C8FA7B9C80}.Release|Any CPU.Build.0 = Release|Any CPU
		{A5DC6E77-1F4F-A9A0-1652-39E45CF69381}.Debug|Any CPU.ActiveCfg = Debug|Any CPU
		{A5DC6E77-1F4F-A9A0-1652-39E45CF69381}.Debug|Any CPU.Build.0 = Debug|Any CPU
		{A5DC6E77-1F4F-A9A0-1652-39E45CF69381}.Release|Any CPU.ActiveCfg = Release|Any CPU
		{A5DC6E77-1F4F-A9A0-1652-39E45CF69381}.Release|Any CPU.Build.0 = Release|Any CPU
		{C6827D34-D0AC-872D-2934-019A95E31F02}.Debug|Any CPU.ActiveCfg = Debug|Any CPU
		{C6827D34-D0AC-872D-2934-019A95E31F02}.Debug|Any CPU.Build.0 = Debug|Any CPU
		{C6827D34-D0AC-872D-2934-019A95E31F02}.Release|Any CPU.ActiveCfg = Release|Any CPU
		{C6827D34-D0AC-872D-2934-019A95E31F02}.Release|Any CPU.Build.0 = Release|Any CPU
		{F34F2B9B-9C7C-4827-1A29-5746EDD495E9}.Debug|Any CPU.ActiveCfg = Debug|Any CPU
		{F34F2B9B-9C7C-4827-1A29-5746EDD495E9}.Debug|Any CPU.Build.0 = Debug|Any CPU
		{F34F2B9B-9C7C-4827-1A29-5746EDD495E9}.Release|Any CPU.ActiveCfg = Release|Any CPU
		{F34F2B9B-9C7C-4827-1A29-5746EDD495E9}.Release|Any CPU.Build.0 = Release|Any CPU
		{55388BC4-0A7F-F131-E3EA-68C6C0910699}.Debug|Any CPU.ActiveCfg = Debug|Any CPU
		{55388BC4-0A7F-F131-E3EA-68C6C0910699}.Debug|Any CPU.Build.0 = Debug|Any CPU
		{55388BC4-0A7F-F131-E3EA-68C6C0910699}.Release|Any CPU.ActiveCfg = Release|Any CPU
		{55388BC4-0A7F-F131-E3EA-68C6C0910699}.Release|Any CPU.Build.0 = Release|Any CPU
		{94E838AD-133A-E200-A039-632B1851D37B}.Debug|Any CPU.ActiveCfg = Debug|Any CPU
		{94E838AD-133A-E200-A039-632B1851D37B}.Debug|Any CPU.Build.0 = Debug|Any CPU
		{94E838AD-133A-E200-A039-632B1851D37B}.Release|Any CPU.ActiveCfg = Release|Any CPU
		{94E838AD-133A-E200-A039-632B1851D37B}.Release|Any CPU.Build.0 = Release|Any CPU
	EndGlobalSection
	GlobalSection(SolutionProperties) = preSolution
		HideSolutionNode = FALSE
	EndGlobalSection
	GlobalSection(ExtensibilityGlobals) = postSolution
		SolutionGuid = {2EDB5938-0D3C-461E-BCDD-2BE6EC1D85C6}
	EndGlobalSection
EndGlobal
